Microsoft Visual Studio Solution File, Format Version 12.00
# Visual Studio Version 17
VisualStudioVersion = 17.5.2.0
MinimumVisualStudioVersion = 10.0.40219.1
Project("{FAE04EC0-301F-11D3-BF4B-00C04F79EFBC}") = "Calcualdora", "Calcualdora.csproj", "{EDCEE0F6-4AB1-EA13-3E22-531723DC124D}"
EndProject
Global
	GlobalSection(SolutionConfigurationPlatforms) = preSolution
		Debug|Any CPU = Debug|Any CPU
		Release|Any CPU = Release|Any CPU
	EndGlobalSection
	GlobalSection(ProjectConfigurationPlatforms) = postSolution
		{EDCEE0F6-4AB1-EA13-3E22-531723DC124D}.Debug|Any CPU.ActiveCfg = Debug|Any CPU
		{EDCEE0F6-4AB1-EA13-3E22-531723DC124D}.Debug|Any CPU.Build.0 = Debug|Any CPU
		{EDCEE0F6-4AB1-EA13-3E22-531723DC124D}.Release|Any CPU.ActiveCfg = Release|Any CPU
		{EDCEE0F6-4AB1-EA13-3E22-531723DC124D}.Release|Any CPU.Build.0 = Release|Any CPU
	EndGlobalSection
	GlobalSection(SolutionProperties) = preSolution
		HideSolutionNode = FALSE
	EndGlobalSection
	GlobalSection(ExtensibilityGlobals) = postSolution
		SolutionGuid = {9906A2C0-7767-496E-B843-66650C9A25AE}
	EndGlobalSection
EndGlobal
